
Microsoft Visual Studio Solution File, Format Version 12.00
# Visual Studio Version 16
VisualStudioVersion = 16.0.31424.327
MinimumVisualStudioVersion = 10.0.40219.1
Project("{9A19103F-16F7-4668-BE54-9A1E7A4F7556}") = "ExampleEmpty.UI", "ExampleEmpty.UI\ExampleEmpty.UI.csproj", "{52BA9254-C6F0-4613-BFE2-93255686DCE4}"
EndProject
Global
	GlobalSection(SolutionConfigurationPlatforms) = preSolution
		Debug|Any CPU = Debug|Any CPU
		Release|Any CPU = Release|Any CPU
	EndGlobalSection
	GlobalSection(ProjectConfigurationPlatforms) = postSolution
		{52BA9254-C6F0-4613-BFE2-93255686DCE4}.Debug|Any CPU.ActiveCfg = Debug|Any CPU
		{52BA9254-C6F0-4613-BFE2-93255686DCE4}.Debug|Any CPU.Build.0 = Debug|Any CPU
		{52BA9254-C6F0-4613-BFE2-93255686DCE4}.Release|Any CPU.ActiveCfg = Release|Any CPU
		{52BA9254-C6F0-4613-BFE2-93255686DCE4}.Release|Any CPU.Build.0 = Release|Any CPU
	EndGlobalSection
	GlobalSection(SolutionProperties) = preSolution
		HideSolutionNode = FALSE
	EndGlobalSection
	GlobalSection(ExtensibilityGlobals) = postSolution
		SolutionGuid = {ACA1762F-EF55-40BC-8848-522759A57CD2}
	EndGlobalSection
EndGlobal
